
Microsoft Visual Studio Solution File, Format Version 12.00
# Visual Studio Version 17
VisualStudioVersion = 17.14.36221.1 d17.14
MinimumVisualStudioVersion = 10.0.40219.1
Project("{FAE04EC0-301F-11D3-BF4B-00C04F79EFBC}") = "SubastasAPI", "SubastasAPI\SubastasAPI.csproj", "{AF8D7875-90DA-4698-8DF6-F6573B9443A0}"
EndProject
Global
	GlobalSection(SolutionConfigurationPlatforms) = preSolution
		Debug|Any CPU = Debug|Any CPU
		Release|Any CPU = Release|Any CPU
	EndGlobalSection
	GlobalSection(ProjectConfigurationPlatforms) = postSolution
		{AF8D7875-90DA-4698-8DF6-F6573B9443A0}.Debug|Any CPU.ActiveCfg = Debug|Any CPU
		{AF8D7875-90DA-4698-8DF6-F6573B9443A0}.Debug|Any CPU.Build.0 = Debug|Any CPU
		{AF8D7875-90DA-4698-8DF6-F6573B9443A0}.Release|Any CPU.ActiveCfg = Release|Any CPU
		{AF8D7875-90DA-4698-8DF6-F6573B9443A0}.Release|Any CPU.Build.0 = Release|Any CPU
	EndGlobalSection
	GlobalSection(SolutionProperties) = preSolution
		HideSolutionNode = FALSE
	EndGlobalSection
	GlobalSection(ExtensibilityGlobals) = postSolution
		SolutionGuid = {F48A9E6E-1380-428B-80F7-59D3AE0AFDA8}
	EndGlobalSection
EndGlobal
